// !$*UTF8*$!
{
	archiveVersion = 1;
	classes = {
	};
	objectVersion = 51;
	objects = {

/* Begin PBXBuildFile section */
		486E06A8FB0051EA3070EDB9 /* Pods_Parstagram_ParstagramUITests.framework in Frameworks */ = {isa = PBXBuildFile; fileRef = 37BEA8D36F9CB03AD8CD3073 /* Pods_Parstagram_ParstagramUITests.framework */; };
		930E69142526E93D005EF27A /* FeedViewController.swift in Sources */ = {isa = PBXBuildFile; fileRef = 930E69132526E93D005EF27A /* FeedViewController.swift */; };
		930E69192526E969005EF27A /* LoginViewController.swift in Sources */ = {isa = PBXBuildFile; fileRef = 930E69182526E969005EF27A /* LoginViewController.swift */; };
		930E691E2526FDA3005EF27A /* CameraViewController.swift in Sources */ = {isa = PBXBuildFile; fileRef = 930E691D2526FDA3005EF27A /* CameraViewController.swift */; };
		930E692325270B82005EF27A /* PostCell.swift in Sources */ = {isa = PBXBuildFile; fileRef = 930E692225270B82005EF27A /* PostCell.swift */; };
		93AEBDFA2526D819004B0A96 /* AppDelegate.swift in Sources */ = {isa = PBXBuildFile; fileRef = 93AEBDF92526D819004B0A96 /* AppDelegate.swift */; };
		93AEBDFC2526D819004B0A96 /* SceneDelegate.swift in Sources */ = {isa = PBXBuildFile; fileRef = 93AEBDFB2526D819004B0A96 /* SceneDelegate.swift */; };
		93AEBE012526D819004B0A96 /* Main.storyboard in Resources */ = {isa = PBXBuildFile; fileRef = 93AEBDFF2526D819004B0A96 /* Main.storyboard */; };
		93AEBE032526D81A004B0A96 /* Assets.xcassets in Resources */ = {isa = PBXBuildFile; fileRef = 93AEBE022526D81A004B0A96 /* Assets.xcassets */; };
		93AEBE062526D81A004B0A96 /* LaunchScreen.storyboard in Resources */ = {isa = PBXBuildFile; fileRef = 93AEBE042526D81A004B0A96 /* LaunchScreen.storyboard */; };
		93AEBE112526D81A004B0A96 /* ParstagramTests.swift in Sources */ = {isa = PBXBuildFile; fileRef = 93AEBE102526D81A004B0A96 /* ParstagramTests.swift */; };
		93AEBE1C2526D81A004B0A96 /* ParstagramUITests.swift in Sources */ = {isa = PBXBuildFile; fileRef = 93AEBE1B2526D81A004B0A96 /* ParstagramUITests.swift */; };
		BF6560863850D8ECE1D8C761 /* Pods_Parstagram.framework in Frameworks */ = {isa = PBXBuildFile; fileRef = 71D2D3A03EC4AA1F637B4364 /* Pods_Parstagram.framework */; };
		C28AD8E17518CEDB670EB3CA /* Pods_ParstagramTests.framework in Frameworks */ = {isa = PBXBuildFile; fileRef = 4B5AD1959C68E760F0A7BBEB /* Pods_ParstagramTests.framework */; };
/* End PBXBuildFile section */

/* Begin PBXContainerItemProxy section */
		93AEBE0D2526D81A004B0A96 /* PBXContainerItemProxy */ = {
			isa = PBXContainerItemProxy;
			containerPortal = 93AEBDEE2526D819004B0A96 /* Project object */;
			proxyType = 1;
			remoteGlobalIDString = 93AEBDF52526D819004B0A96;
			remoteInfo = Parstagram;
		};
		93AEBE182526D81A004B0A96 /* PBXContainerItemProxy */ = {
			isa = PBXContainerItemProxy;
			containerPortal = 93AEBDEE2526D819004B0A96 /* Project object */;
			proxyType = 1;
			remoteGlobalIDString = 93AEBDF52526D819004B0A96;
			remoteInfo = Parstagram;
		};
/* End PBXContainerItemProxy section */

/* Begin PBXFileReference section */
		2B1C546FD019436A0D27DEDC /* Pods-Parstagram-ParstagramUITests.debug.xcconfig */ = {isa = PBXFileReference; includeInIndex = 1; lastKnownFileType = text.xcconfig; name = "Pods-Parstagram-ParstagramUITests.debug.xcconfig"; path = "Target Support Files/Pods-Parstagram-ParstagramUITests/Pods-Parstagram-ParstagramUITests.debug.xcconfig"; sourceTree = "<group>"; };
		2BE19E1D1B36C73DD9A3BEDD /* Pods-ParstagramTests.release.xcconfig */ = {isa = PBXFileReference; includeInIndex = 1; lastKnownFileType = text.xcconfig; name = "Pods-ParstagramTests.release.xcconfig"; path = "Target Support Files/Pods-ParstagramTests/Pods-ParstagramTests.release.xcconfig"; sourceTree = "<group>"; };
		37BEA8D36F9CB03AD8CD3073 /* Pods_Parstagram_ParstagramUITests.framework */ = {isa = PBXFileReference; explicitFileType = wrapper.framework; includeInIndex = 0; path = Pods_Parstagram_ParstagramUITests.framework; sourceTree = BUILT_PRODUCTS_DIR; };
		3E16DD457A8E6D76160759A5 /* Pods-ParstagramTests.debug.xcconfig */ = {isa = PBXFileReference; includeInIndex = 1; lastKnownFileType = text.xcconfig; name = "Pods-ParstagramTests.debug.xcconfig"; path = "Target Support Files/Pods-ParstagramTests/Pods-ParstagramTests.debug.xcconfig"; sourceTree = "<group>"; };
		45697CB60D88BD38A9264EDC /* Pods-Parstagram.debug.xcconfig */ = {isa = PBXFileReference; includeInIndex = 1; lastKnownFileType = text.xcconfig; name = "Pods-Parstagram.debug.xcconfig"; path = "Target Support Files/Pods-Parstagram/Pods-Parstagram.debug.xcconfig"; sourceTree = "<group>"; };
		4B5AD1959C68E760F0A7BBEB /* Pods_ParstagramTests.framework */ = {isa = PBXFileReference; explicitFileType = wrapper.framework; includeInIndex = 0; path = Pods_ParstagramTests.framework; sourceTree = BUILT_PRODUCTS_DIR; };
		5EBD82ED1BE8CD25A6B8EFCD /* Pods-Parstagram-ParstagramUITests.release.xcconfig */ = {isa = PBXFileReference; includeInIndex = 1; lastKnownFileType = text.xcconfig; name = "Pods-Parstagram-ParstagramUITests.release.xcconfig"; path = "Target Support Files/Pods-Parstagram-ParstagramUITests/Pods-Parstagram-ParstagramUITests.release.xcconfig"; sourceTree = "<group>"; };
		71D2D3A03EC4AA1F637B4364 /* Pods_Parstagram.framework */ = {isa = PBXFileReference; explicitFileType = wrapper.framework; includeInIndex = 0; path = Pods_Parstagram.framework; sourceTree = BUILT_PRODUCTS_DIR; };
		89EE0CD481D4D8BC3DFDF6B7 /* Pods-Parstagram.release.xcconfig */ = {isa = PBXFileReference; includeInIndex = 1; lastKnownFileType = text.xcconfig; name = "Pods-Parstagram.release.xcconfig"; path = "Target Support Files/Pods-Parstagram/Pods-Parstagram.release.xcconfig"; sourceTree = "<group>"; };
		930E69132526E93D005EF27A /* FeedViewController.swift */ = {isa = PBXFileReference; lastKnownFileType = sourcecode.swift; path = FeedViewController.swift; sourceTree = "<group>"; };
		930E69182526E969005EF27A /* LoginViewController.swift */ = {isa = PBXFileReference; lastKnownFileType = sourcecode.swift; path = LoginViewController.swift; sourceTree = "<group>"; };
		930E691D2526FDA3005EF27A /* CameraViewController.swift */ = {isa = PBXFileReference; lastKnownFileType = sourcecode.swift; path = CameraViewController.swift; sourceTree = "<group>"; };
		930E692225270B82005EF27A /* PostCell.swift */ = {isa = PBXFileReference; lastKnownFileType = sourcecode.swift; path = PostCell.swift; sourceTree = "<group>"; };
		93AEBDF62526D819004B0A96 /* Parstagram.app */ = {isa = PBXFileReference; explicitFileType = wrapper.application; includeInIndex = 0; path = Parstagram.app; sourceTree = BUILT_PRODUCTS_DIR; };
		93AEBDF92526D819004B0A96 /* AppDelegate.swift */ = {isa = PBXFileReference; lastKnownFileType = sourcecode.swift; path = AppDelegate.swift; sourceTree = "<group>"; };
		93AEBDFB2526D819004B0A96 /* SceneDelegate.swift */ = {isa = PBXFileReference; lastKnownFileType = sourcecode.swift; path = SceneDelegate.swift; sourceTree = "<group>"; };
		93AEBE002526D819004B0A96 /* Base */ = {isa = PBXFileReference; lastKnownFileType = file.storyboard; name = Base; path = Base.lproj/Main.storyboard; sourceTree = "<group>"; };
		93AEBE022526D81A004B0A96 /* Assets.xcassets */ = {isa = PBXFileReference; lastKnownFileType = folder.assetcatalog; path = Assets.xcassets; sourceTree = "<group>"; };
		93AEBE052526D81A004B0A96 /* Base */ = {isa = PBXFileReference; lastKnownFileType = file.storyboard; name = Base; path = Base.lproj/LaunchScreen.storyboard; sourceTree = "<group>"; };
		93AEBE072526D81A004B0A96 /* Info.plist */ = {isa = PBXFileReference; lastKnownFileType = text.plist.xml; path = Info.plist; sourceTree = "<group>"; };
		93AEBE0C2526D81A004B0A96 /* ParstagramTests.xctest */ = {isa = PBXFileReference; explicitFileType = wrapper.cfbundle; includeInIndex = 0; path = ParstagramTests.xctest; sourceTree = BUILT_PRODUCTS_DIR; };
		93AEBE102526D81A004B0A96 /* ParstagramTests.swift */ = {isa = PBXFileReference; lastKnownFileType = sourcecode.swift; path = ParstagramTests.swift; sourceTree = "<group>"; };
		93AEBE122526D81A004B0A96 /* Info.plist */ = {isa = PBXFileReference; lastKnownFileType = text.plist.xml; path = Info.plist; sourceTree = "<group>"; };
		93AEBE172526D81A004B0A96 /* ParstagramUITests.xctest */ = {isa = PBXFileReference; explicitFileType = wrapper.cfbundle; includeInIndex = 0; path = ParstagramUITests.xctest; sourceTree = BUILT_PRODUCTS_DIR; };
		93AEBE1B2526D81A004B0A96 /* ParstagramUITests.swift */ = {isa = PBXFileReference; lastKnownFileType = sourcecode.swift; path = ParstagramUITests.swift; sourceTree = "<group>"; };
		93AEBE1D2526D81A004B0A96 /* Info.plist */ = {isa = PBXFileReference; lastKnownFileType = text.plist.xml; path = Info.plist; sourceTree = "<group>"; };
/* End PBXFileReference section */

/* Begin PBXFrameworksBuildPhase section */
		93AEBDF32526D819004B0A96 /* Frameworks */ = {
			isa = PBXFrameworksBuildPhase;
			buildActionMask = 2147483647;
			files = (
				BF6560863850D8ECE1D8C761 /* Pods_Parstagram.framework in Frameworks */,
			);
			runOnlyForDeploymentPostprocessing = 0;
		};
		93AEBE092526D81A004B0A96 /* Frameworks */ = {
			isa = PBXFrameworksBuildPhase;
			buildActionMask = 2147483647;
			files = (
				C28AD8E17518CEDB670EB3CA /* Pods_ParstagramTests.framework in Frameworks */,
			);
			runOnlyForDeploymentPostprocessing = 0;
		};
		93AEBE142526D81A004B0A96 /* Frameworks */ = {
			isa = PBXFrameworksBuildPhase;
			buildActionMask = 2147483647;
			files = (
				486E06A8FB0051EA3070EDB9 /* Pods_Parstagram_ParstagramUITests.framework in Frameworks */,
			);
			runOnlyForDeploymentPostprocessing = 0;
		};
/* End PBXFrameworksBuildPhase section */

/* Begin PBXGroup section */
		93AEBDED2526D819004B0A96 = {
			isa = PBXGroup;
			children = (
				93AEBDF82526D819004B0A96 /* Parstagram */,
				93AEBE0F2526D81A004B0A96 /* ParstagramTests */,
				93AEBE1A2526D81A004B0A96 /* ParstagramUITests */,
				93AEBDF72526D819004B0A96 /* Products */,
				DC08D6EA911823FED5C68E4E /* Pods */,
				9A5B06CE9ED3B1C32B107E8A /* Frameworks */,
			);
			sourceTree = "<group>";
		};
		93AEBDF72526D819004B0A96 /* Products */ = {
			isa = PBXGroup;
			children = (
				93AEBDF62526D819004B0A96 /* Parstagram.app */,
				93AEBE0C2526D81A004B0A96 /* ParstagramTests.xctest */,
				93AEBE172526D81A004B0A96 /* ParstagramUITests.xctest */,
			);
			name = Products;
			sourceTree = "<group>";
		};
		93AEBDF82526D819004B0A96 /* Parstagram */ = {
			isa = PBXGroup;
			children = (
				93AEBDF92526D819004B0A96 /* AppDelegate.swift */,
				93AEBDFB2526D819004B0A96 /* SceneDelegate.swift */,
				93AEBDFF2526D819004B0A96 /* Main.storyboard */,
				93AEBE022526D81A004B0A96 /* Assets.xcassets */,
				93AEBE042526D81A004B0A96 /* LaunchScreen.storyboard */,
				93AEBE072526D81A004B0A96 /* Info.plist */,
				930E69132526E93D005EF27A /* FeedViewController.swift */,
				930E69182526E969005EF27A /* LoginViewController.swift */,
				930E691D2526FDA3005EF27A /* CameraViewController.swift */,
				930E692225270B82005EF27A /* PostCell.swift */,
			);
			path = Parstagram;
			sourceTree = "<group>";
		};
		93AEBE0F2526D81A004B0A96 /* ParstagramTests */ = {
			isa = PBXGroup;
			children = (
				93AEBE102526D81A004B0A96 /* ParstagramTests.swift */,
				93AEBE122526D81A004B0A96 /* Info.plist */,
			);
			path = ParstagramTests;
			sourceTree = "<group>";
		};
		93AEBE1A2526D81A004B0A96 /* ParstagramUITests */ = {
			isa = PBXGroup;
			children = (
				93AEBE1B2526D81A004B0A96 /* ParstagramUITests.swift */,
				93AEBE1D2526D81A004B0A96 /* Info.plist */,
			);
			path = ParstagramUITests;
			sourceTree = "<group>";
		};
		9A5B06CE9ED3B1C32B107E8A /* Frameworks */ = {
			isa = PBXGroup;
			children = (
				71D2D3A03EC4AA1F637B4364 /* Pods_Parstagram.framework */,
				37BEA8D36F9CB03AD8CD3073 /* Pods_Parstagram_ParstagramUITests.framework */,
				4B5AD1959C68E760F0A7BBEB /* Pods_ParstagramTests.framework */,
			);
			name = Frameworks;
			sourceTree = "<group>";
		};
		DC08D6EA911823FED5C68E4E /* Pods */ = {
			isa = PBXGroup;
			children = (
				45697CB60D88BD38A9264EDC /* Pods-Parstagram.debug.xcconfig */,
				89EE0CD481D4D8BC3DFDF6B7 /* Pods-Parstagram.release.xcconfig */,
				2B1C546FD019436A0D27DEDC /* Pods-Parstagram-ParstagramUITests.debug.xcconfig */,
				5EBD82ED1BE8CD25A6B8EFCD /* Pods-Parstagram-ParstagramUITests.release.xcconfig */,
				3E16DD457A8E6D76160759A5 /* Pods-ParstagramTests.debug.xcconfig */,
				2BE19E1D1B36C73DD9A3BEDD /* Pods-ParstagramTests.release.xcconfig */,
			);
			path = Pods;
			sourceTree = "<group>";
		};
/* End PBXGroup section */

/* Begin PBXNativeTarget section */
		93AEBDF52526D819004B0A96 /* Parstagram */ = {
			isa = PBXNativeTarget;
			buildConfigurationList = 93AEBE202526D81A004B0A96 /* Build configuration list for PBXNativeTarget "Parstagram" */;
			buildPhases = (
				379BEAD90615CABE3ACEF117 /* [CP] Check Pods Manifest.lock */,
				93AEBDF22526D819004B0A96 /* Sources */,
				93AEBDF32526D819004B0A96 /* Frameworks */,
				93AEBDF42526D819004B0A96 /* Resources */,
				AA04E7748291D1406787770B /* [CP] Embed Pods Frameworks */,
			);
			buildRules = (
			);
			dependencies = (
			);
			name = Parstagram;
			productName = Parstagram;
			productReference = 93AEBDF62526D819004B0A96 /* Parstagram.app */;
			productType = "com.apple.product-type.application";
		};
		93AEBE0B2526D81A004B0A96 /* ParstagramTests */ = {
			isa = PBXNativeTarget;
			buildConfigurationList = 93AEBE232526D81A004B0A96 /* Build configuration list for PBXNativeTarget "ParstagramTests" */;
			buildPhases = (
				9C16FC5C0EC2112BC1E41CB3 /* [CP] Check Pods Manifest.lock */,
				93AEBE082526D81A004B0A96 /* Sources */,
				93AEBE092526D81A004B0A96 /* Frameworks */,
				93AEBE0A2526D81A004B0A96 /* Resources */,
			);
			buildRules = (
			);
			dependencies = (
				93AEBE0E2526D81A004B0A96 /* PBXTargetDependency */,
			);
			name = ParstagramTests;
			productName = ParstagramTests;
			productReference = 93AEBE0C2526D81A004B0A96 /* ParstagramTests.xctest */;
			productType = "com.apple.product-type.bundle.unit-test";
		};
		93AEBE162526D81A004B0A96 /* ParstagramUITests */ = {
			isa = PBXNativeTarget;
			buildConfigurationList = 93AEBE262526D81A004B0A96 /* Build configuration list for PBXNativeTarget "ParstagramUITests" */;
			buildPhases = (
				D1BE44F17193A577B1A2EA9E /* [CP] Check Pods Manifest.lock */,
				93AEBE132526D81A004B0A96 /* Sources */,
				93AEBE142526D81A004B0A96 /* Frameworks */,
				93AEBE152526D81A004B0A96 /* Resources */,
				ADC27A808A68F30CB3284F7A /* [CP] Embed Pods Frameworks */,
			);
			buildRules = (
			);
			dependencies = (
				93AEBE192526D81A004B0A96 /* PBXTargetDependency */,
			);
			name = ParstagramUITests;
			productName = ParstagramUITests;
			productReference = 93AEBE172526D81A004B0A96 /* ParstagramUITests.xctest */;
			productType = "com.apple.product-type.bundle.ui-testing";
		};
/* End PBXNativeTarget section */

/* Begin PBXProject section */
		93AEBDEE2526D819004B0A96 /* Project object */ = {
			isa = PBXProject;
			attributes = {
				LastSwiftUpdateCheck = 1200;
				LastUpgradeCheck = 1200;
				TargetAttributes = {
					93AEBDF52526D819004B0A96 = {
						CreatedOnToolsVersion = 12.0.1;
					};
					93AEBE0B2526D81A004B0A96 = {
						CreatedOnToolsVersion = 12.0.1;
						TestTargetID = 93AEBDF52526D819004B0A96;
					};
					93AEBE162526D81A004B0A96 = {
						CreatedOnToolsVersion = 12.0.1;
						TestTargetID = 93AEBDF52526D819004B0A96;
					};
				};
			};
			buildConfigurationList = 93AEBDF12526D819004B0A96 /* Build configuration list for PBXProject "Parstagram" */;
			compatibilityVersion = "Xcode 9.3";
			developmentRegion = en;
			hasScannedForEncodings = 0;
			knownRegions = (
				en,
				Base,
			);
			mainGroup = 93AEBDED2526D819004B0A96;
			productRefGroup = 93AEBDF72526D819004B0A96 /* Products */;
			projectDirPath = "";
			projectRoot = "";
			targets = (
				93AEBDF52526D819004B0A96 /* Parstagram */,
				93AEBE0B2526D81A004B0A96 /* ParstagramTests */,
				93AEBE162526D81A004B0A96 /* ParstagramUITests */,
			);
		};
/* End PBXProject section */

/* Begin PBXResourcesBuildPhase section */
		93AEBDF42526D819004B0A96 /* Resources */ = {
			isa = PBXResourcesBuildPhase;
			buildActionMask = 2147483647;
			files = (
				93AEBE062526D81A004B0A96 /* LaunchScreen.storyboard in Resources */,
				93AEBE032526D81A004B0A96 /* Assets.xcassets in Resources */,
				93AEBE012526D819004B0A96 /* Main.storyboard in Resources */,
			);
			runOnlyForDeploymentPostprocessing = 0;
		};
		93AEBE0A2526D81A004B0A96 /* Resources */ = {
			isa = PBXResourcesBuildPhase;
			buildActionMask = 2147483647;
			files = (
			);
			runOnlyForDeploymentPostprocessing = 0;
		};
		93AEBE152526D81A004B0A96 /* Resources */ = {
			isa = PBXResourcesBuildPhase;
			buildActionMask = 2147483647;
			files = (
			);
			runOnlyForDeploymentPostprocessing = 0;
		};
/* End PBXResourcesBuildPhase section */

/* Begin PBXShellScriptBuildPhase section */
		379BEAD90615CABE3ACEF117 /* [CP] Check Pods Manifest.lock */ = {
			isa = PBXShellScriptBuildPhase;
			buildActionMask = 2147483647;
			files = (
			);
			inputFileListPaths = (
			);
			inputPaths = (
				"${PODS_PODFILE_DIR_PATH}/Podfile.lock",
				"${PODS_ROOT}/Manifest.lock",
			);
			name = "[CP] Check Pods Manifest.lock";
			outputFileListPaths = (
			);
			outputPaths = (
				"$(DERIVED_FILE_DIR)/Pods-Parstagram-checkManifestLockResult.txt",
			);
			runOnlyForDeploymentPostprocessing = 0;
			shellPath = /bin/sh;
			shellScript = "diff \"${PODS_PODFILE_DIR_PATH}/Podfile.lock\" \"${PODS_ROOT}/Manifest.lock\" > /dev/null\nif [ $? != 0 ] ; then\n    # print error to STDERR\n    echo \"error: The sandbox is not in sync with the Podfile.lock. Run 'pod install' or update your CocoaPods installation.\" >&2\n    exit 1\nfi\n# This output is used by Xcode 'outputs' to avoid re-running this script phase.\necho \"SUCCESS\" > \"${SCRIPT_OUTPUT_FILE_0}\"\n";
			showEnvVarsInLog = 0;
		};
		9C16FC5C0EC2112BC1E41CB3 /* [CP] Check Pods Manifest.lock */ = {
			isa = PBXShellScriptBuildPhase;
			buildActionMask = 2147483647;
			files = (
			);
			inputFileListPaths = (
			);
			inputPaths = (
				"${PODS_PODFILE_DIR_PATH}/Podfile.lock",
				"${PODS_ROOT}/Manifest.lock",
			);
			name = "[CP] Check Pods Manifest.lock";
			outputFileListPaths = (
			);
			outputPaths = (
				"$(DERIVED_FILE_DIR)/Pods-ParstagramTests-checkManifestLockResult.txt",
			);
			runOnlyForDeploymentPostprocessing = 0;
			shellPath = /bin/sh;
			shellScript = "diff \"${PODS_PODFILE_DIR_PATH}/Podfile.lock\" \"${PODS_ROOT}/Manifest.lock\" > /dev/null\nif [ $? != 0 ] ; then\n    # print error to STDERR\n    echo \"error: The sandbox is not in sync with the Podfile.lock. Run 'pod install' or update your CocoaPods installation.\" >&2\n    exit 1\nfi\n# This output is used by Xcode 'outputs' to avoid re-running this script phase.\necho \"SUCCESS\" > \"${SCRIPT_OUTPUT_FILE_0}\"\n";
			showEnvVarsInLog = 0;
		};
		AA04E7748291D1406787770B /* [CP] Embed Pods Frameworks */ = {
			isa = PBXShellScriptBuildPhase;
			buildActionMask = 2147483647;
			files = (
			);
			inputFileListPaths = (
				"${PODS_ROOT}/Target Support Files/Pods-Parstagram/Pods-Parstagram-frameworks-${CONFIGURATION}-input-files.xcfilelist",
			);
			name = "[CP] Embed Pods Frameworks";
			outputFileListPaths = (
				"${PODS_ROOT}/Target Support Files/Pods-Parstagram/Pods-Parstagram-frameworks-${CONFIGURATION}-output-files.xcfilelist",
			);
			runOnlyForDeploymentPostprocessing = 0;
			shellPath = /bin/sh;
			shellScript = "\"${PODS_ROOT}/Target Support Files/Pods-Parstagram/Pods-Parstagram-frameworks.sh\"\n";
			showEnvVarsInLog = 0;
		};
		ADC27A808A68F30CB3284F7A /* [CP] Embed Pods Frameworks */ = {
			isa = PBXShellScriptBuildPhase;
			buildActionMask = 2147483647;
			files = (
			);
			inputFileListPaths = (
				"${PODS_ROOT}/Target Support Files/Pods-Parstagram-ParstagramUITests/Pods-Parstagram-ParstagramUITests-frameworks-${CONFIGURATION}-input-files.xcfilelist",
			);
			name = "[CP] Embed Pods Frameworks";
			outputFileListPaths = (
				"${PODS_ROOT}/Target Support Files/Pods-Parstagram-ParstagramUITests/Pods-Parstagram-ParstagramUITests-frameworks-${CONFIGURATION}-output-files.xcfilelist",
			);
			runOnlyForDeploymentPostprocessing = 0;
			shellPath = /bin/sh;
			shellScript = "\"${PODS_ROOT}/Target Support Files/Pods-Parstagram-ParstagramUITests/Pods-Parstagram-ParstagramUITests-frameworks.sh\"\n";
			showEnvVarsInLog = 0;
		};
		D1BE44F17193A577B1A2EA9E /* [CP] Check Pods Manifest.lock */ = {
			isa = PBXShellScriptBuildPhase;
			buildActionMask = 2147483647;
			files = (
			);
			inputFileListPaths = (
			);
			inputPaths = (
				"${PODS_PODFILE_DIR_PATH}/Podfile.lock",
				"${PODS_ROOT}/Manifest.lock",
			);
			name = "[CP] Check Pods Manifest.lock";
			outputFileListPaths = (
			);
			outputPaths = (
				"$(DERIVED_FILE_DIR)/Pods-Parstagram-ParstagramUITests-checkManifestLockResult.txt",
			);
			runOnlyForDeploymentPostprocessing = 0;
			shellPath = /bin/sh;
			shellScript = "diff \"${PODS_PODFILE_DIR_PATH}/Podfile.lock\" \"${PODS_ROOT}/Manifest.lock\" > /dev/null\nif [ $? != 0 ] ; then\n    # print error to STDERR\n    echo \"error: The sandbox is not in sync with the Podfile.lock. Run 'pod install' or update your CocoaPods installation.\" >&2\n    exit 1\nfi\n# This output is used by Xcode 'outputs' to avoid re-running this script phase.\necho \"SUCCESS\" > \"${SCRIPT_OUTPUT_FILE_0}\"\n";
			showEnvVarsInLog = 0;
		};
/* End PBXShellScriptBuildPhase section */

/* Begin PBXSourcesBuildPhase section */
		93AEBDF22526D819004B0A96 /* Sources */ = {
			isa = PBXSourcesBuildPhase;
			buildActionMask = 2147483647;
			files = (
				930E69192526E969005EF27A /* LoginViewController.swift in Sources */,
				930E691E2526FDA3005EF27A /* CameraViewController.swift in Sources */,
				93AEBDFA2526D819004B0A96 /* AppDelegate.swift in Sources */,
				930E69142526E93D005EF27A /* FeedViewController.swift in Sources */,
				93AEBDFC2526D819004B0A96 /* SceneDelegate.swift in Sources */,
				930E692325270B82005EF27A /* PostCell.swift in Sources */,
			);
			runOnlyForDeploymentPostprocessing = 0;
		};
		93AEBE082526D81A004B0A96 /* Sources */ = {
			isa = PBXSourcesBuildPhase;
			buildActionMask = 2147483647;
			files = (
				93AEBE112526D81A004B0A96 /* ParstagramTests.swift in Sources */,
			);
			runOnlyForDeploymentPostprocessing = 0;
		};
		93AEBE132526D81A004B0A96 /* Sources */ = {
			isa = PBXSourcesBuildPhase;
			buildActionMask = 2147483647;
			files = (
				93AEBE1C2526D81A004B0A96 /* ParstagramUITests.swift in Sources */,
			);
			runOnlyForDeploymentPostprocessing = 0;
		};
/* End PBXSourcesBuildPhase section */

/* Begin PBXTargetDependency section */
		93AEBE0E2526D81A004B0A96 /* PBXTargetDependency */ = {
			isa = PBXTargetDependency;
			target = 93AEBDF52526D819004B0A96 /* Parstagram */;
			targetProxy = 93AEBE0D2526D81A004B0A96 /* PBXContainerItemProxy */;
		};
		93AEBE192526D81A004B0A96 /* PBXTargetDependency */ = {
			isa = PBXTargetDependency;
			target = 93AEBDF52526D819004B0A96 /* Parstagram */;
			targetProxy = 93AEBE182526D81A004B0A96 /* PBXContainerItemProxy */;
		};
/* End PBXTargetDependency section */

/* Begin PBXVariantGroup section */
		93AEBDFF2526D819004B0A96 /* Main.storyboard */ = {
			isa = PBXVariantGroup;
			children = (
				93AEBE002526D819004B0A96 /* Base */,
			);
			name = Main.storyboard;
			sourceTree = "<group>";
		};
		93AEBE042526D81A004B0A96 /* LaunchScreen.storyboard */ = {
			isa = PBXVariantGroup;
			children = (
				93AEBE052526D81A004B0A96 /* Base */,
			);
			name = LaunchScreen.storyboard;
			sourceTree = "<group>";
		};
/* End PBXVariantGroup section */

/* Begin XCBuildConfiguration section */
		93AEBE1E2526D81A004B0A96 /* Debug */ = {
			isa = XCBuildConfiguration;
			buildSettings = {
				ALWAYS_SEARCH_USER_PATHS = NO;
				CLANG_ANALYZER_NONNULL = YES;
				CLANG_ANALYZER_NUMBER_OBJECT_CONVERSION = YES_AGGRESSIVE;
				CLANG_CXX_LANGUAGE_STANDARD = "gnu++14";
				CLANG_CXX_LIBRARY = "libc++";
				CLANG_ENABLE_MODULES = YES;
				CLANG_ENABLE_OBJC_ARC = YES;
				CLANG_ENABLE_OBJC_WEAK = YES;
				CLANG_WARN_BLOCK_CAPTURE_AUTORELEASING = YES;
				CLANG_WARN_BOOL_CONVERSION = YES;
				CLANG_WARN_COMMA = YES;
				CLANG_WARN_CONSTANT_CONVERSION = YES;
				CLANG_WARN_DEPRECATED_OBJC_IMPLEMENTATIONS = YES;
				CLANG_WARN_DIRECT_OBJC_ISA_USAGE = YES_ERROR;
				CLANG_WARN_DOCUMENTATION_COMMENTS = YES;
				CLANG_WARN_EMPTY_BODY = YES;
				CLANG_WARN_ENUM_CONVERSION = YES;
				CLANG_WARN_INFINITE_RECURSION = YES;
				CLANG_WARN_INT_CONVERSION = YES;
				CLANG_WARN_NON_LITERAL_NULL_CONVERSION = YES;
				CLANG_WARN_OBJC_IMPLICIT_RETAIN_SELF = YES;
				CLANG_WARN_OBJC_LITERAL_CONVERSION = YES;
				CLANG_WARN_OBJC_ROOT_CLASS = YES_ERROR;
				CLANG_WARN_QUOTED_INCLUDE_IN_FRAMEWORK_HEADER = YES;
				CLANG_WARN_RANGE_LOOP_ANALYSIS = YES;
				CLANG_WARN_STRICT_PROTOTYPES = YES;
				CLANG_WARN_SUSPICIOUS_MOVE = YES;
				CLANG_WARN_UNGUARDED_AVAILABILITY = YES_AGGRESSIVE;
				CLANG_WARN_UNREACHABLE_CODE = YES;
				CLANG_WARN__DUPLICATE_METHOD_MATCH = YES;
				COPY_PHASE_STRIP = NO;
				DEBUG_INFORMATION_FORMAT = dwarf;
				ENABLE_STRICT_OBJC_MSGSEND = YES;
				ENABLE_TESTABILITY = YES;
				GCC_C_LANGUAGE_STANDARD = gnu11;
				GCC_DYNAMIC_NO_PIC = NO;
				GCC_NO_COMMON_BLOCKS = YES;
				GCC_OPTIMIZATION_LEVEL = 0;
				GCC_PREPROCESSOR_DEFINITIONS = (
					"DEBUG=1",
					"$(inherited)",
				);
				GCC_WARN_64_TO_32_BIT_CONVERSION = YES;
				GCC_WARN_ABOUT_RETURN_TYPE = YES_ERROR;
				GCC_WARN_UNDECLARED_SELECTOR = YES;
				GCC_WARN_UNINITIALIZED_AUTOS = YES_AGGRESSIVE;
				GCC_WARN_UNUSED_FUNCTION = YES;
				GCC_WARN_UNUSED_VARIABLE = YES;
				IPHONEOS_DEPLOYMENT_TARGET = 14.0;
				MTL_ENABLE_DEBUG_INFO = INCLUDE_SOURCE;
				MTL_FAST_MATH = YES;
				ONLY_ACTIVE_ARCH = YES;
				SDKROOT = iphoneos;
				SWIFT_ACTIVE_COMPILATION_CONDITIONS = DEBUG;
				SWIFT_OPTIMIZATION_LEVEL = "-Onone";
			};
			name = Debug;
		};
		93AEBE1F2526D81A004B0A96 /* Release */ = {
			isa = XCBuildConfiguration;
			buildSettings = {
				ALWAYS_SEARCH_USER_PATHS = NO;
				CLANG_ANALYZER_NONNULL = YES;
				CLANG_ANALYZER_NUMBER_OBJECT_CONVERSION = YES_AGGRESSIVE;
				CLANG_CXX_LANGUAGE_STANDARD = "gnu++14";
				CLANG_CXX_LIBRARY = "libc++";
				CLANG_ENABLE_MODULES = YES;
				CLANG_ENABLE_OBJC_ARC = YES;
				CLANG_ENABLE_OBJC_WEAK = YES;
				CLANG_WARN_BLOCK_CAPTURE_AUTORELEASING = YES;
				CLANG_WARN_BOOL_CONVERSION = YES;
				CLANG_WARN_COMMA = YES;
				CLANG_WARN_CONSTANT_CONVERSION = YES;
				CLANG_WARN_DEPRECATED_OBJC_IMPLEMENTATIONS = YES;
				CLANG_WARN_DIRECT_OBJC_ISA_USAGE = YES_ERROR;
				CLANG_WARN_DOCUMENTATION_COMMENTS = YES;
				CLANG_WARN_EMPTY_BODY = YES;
				CLANG_WARN_ENUM_CONVERSION = YES;
				CLANG_WARN_INFINITE_RECURSION = YES;
				CLANG_WARN_INT_CONVERSION = YES;
				CLANG_WARN_NON_LITERAL_NULL_CONVERSION = YES;
				CLANG_WARN_OBJC_IMPLICIT_RETAIN_SELF = YES;
				CLANG_WARN_OBJC_LITERAL_CONVERSION = YES;
				CLANG_WARN_OBJC_ROOT_CLASS = YES_ERROR;
				CLANG_WARN_QUOTED_INCLUDE_IN_FRAMEWORK_HEADER = YES;
				CLANG_WARN_RANGE_LOOP_ANALYSIS = YES;
				CLANG_WARN_STRICT_PROTOTYPES = YES;
				CLANG_WARN_SUSPICIOUS_MOVE = YES;
				CLANG_WARN_UNGUARDED_AVAILABILITY = YES_AGGRESSIVE;
				CLANG_WARN_UNREACHABLE_CODE = YES;
				CLANG_WARN__DUPLICATE_METHOD_MATCH = YES;
				COPY_PHASE_STRIP = NO;
				DEBUG_INFORMATION_FORMAT = "dwarf-with-dsym";
				ENABLE_NS_ASSERTIONS = NO;
				ENABLE_STRICT_OBJC_MSGSEND = YES;
				GCC_C_LANGUAGE_STANDARD = gnu11;
				GCC_NO_COMMON_BLOCKS = YES;
				GCC_WARN_64_TO_32_BIT_CONVERSION = YES;
				GCC_WARN_ABOUT_RETURN_TYPE = YES_ERROR;
				GCC_WARN_UNDECLARED_SELECTOR = YES;
				GCC_WARN_UNINITIALIZED_AUTOS = YES_AGGRESSIVE;
				GCC_WARN_UNUSED_FUNCTION = YES;
				GCC_WARN_UNUSED_VARIABLE = YES;
				IPHONEOS_DEPLOYMENT_TARGET = 14.0;
				MTL_ENABLE_DEBUG_INFO = NO;
				MTL_FAST_MATH = YES;
				SDKROOT = iphoneos;
				SWIFT_COMPILATION_MODE = wholemodule;
				SWIFT_OPTIMIZATION_LEVEL = "-O";
				VALIDATE_PRODUCT = YES;
			};
			name = Release;
		};
		93AEBE212526D81A004B0A96 /* Debug */ = {
			isa = XCBuildConfiguration;
			baseConfigurationReference = 45697CB60D88BD38A9264EDC /* Pods-Parstagram.debug.xcconfig */;
			buildSettings = {
				ASSETCATALOG_COMPILER_APPICON_NAME = AppIcon;
				ASSETCATALOG_COMPILER_GLOBAL_ACCENT_COLOR_NAME = AccentColor;
				CODE_SIGN_STYLE = Automatic;
				DEVELOPMENT_TEAM = 75899C5Y84;
				INFOPLIST_FILE = Parstagram/Info.plist;
				LD_RUNPATH_SEARCH_PATHS = (
					"$(inherited)",
					"@executable_path/Frameworks",
				);
				PRODUCT_BUNDLE_IDENTIFIER = "Hemant-Thobbi.Parstagram";
				PRODUCT_NAME = "$(TARGET_NAME)";
				SWIFT_VERSION = 5.0;
				TARGETED_DEVICE_FAMILY = "1,2";
			};
			name = Debug;
		};
		93AEBE222526D81A004B0A96 /* Release */ = {
			isa = XCBuildConfiguration;
			baseConfigurationReference = 89EE0CD481D4D8BC3DFDF6B7 /* Pods-Parstagram.release.xcconfig */;
			buildSettings = {
				ASSETCATALOG_COMPILER_APPICON_NAME = AppIcon;
				ASSETCATALOG_COMPILER_GLOBAL_ACCENT_COLOR_NAME = AccentColor;
				CODE_SIGN_STYLE = Automatic;
				DEVELOPMENT_TEAM = 75899C5Y84;
				INFOPLIST_FILE = Parstagram/Info.plist;
				LD_RUNPATH_SEARCH_PATHS = (
					"$(inherited)",
					"@executable_path/Frameworks",
				);
				PRODUCT_BUNDLE_IDENTIFIER = "Hemant-Thobbi.Parstagram";
				PRODUCT_NAME = "$(TARGET_NAME)";
				SWIFT_VERSION = 5.0;
				TARGETED_DEVICE_FAMILY = "1,2";
			};
			name = Release;
		};
		93AEBE242526D81A004B0A96 /* Debug */ = {
			isa = XCBuildConfiguration;
			baseConfigurationReference = 3E16DD457A8E6D76160759A5 /* Pods-ParstagramTests.debug.xcconfig */;
			buildSettings = {
				ALWAYS_EMBED_SWIFT_STANDARD_LIBRARIES = YES;
				BUNDLE_LOADER = "$(TEST_HOST)";
				CODE_SIGN_STYLE = Automatic;
				DEVELOPMENT_TEAM = 75899C5Y84;
				INFOPLIST_FILE = ParstagramTests/Info.plist;
				IPHONEOS_DEPLOYMENT_TARGET = 14.0;
				LD_RUNPATH_SEARCH_PATHS = (
					"$(inherited)",
					"@executable_path/Frameworks",
					"@loader_path/Frameworks",
				);
				PRODUCT_BUNDLE_IDENTIFIER = "Hemant-Thobbi.ParstagramTests";
				PRODUCT_NAME = "$(TARGET_NAME)";
				SWIFT_VERSION = 5.0;
				TARGETED_DEVICE_FAMILY = "1,2";
				TEST_HOST = "$(BUILT_PRODUCTS_DIR)/Parstagram.app/Parstagram";
			};
			name = Debug;
		};
		93AEBE252526D81A004B0A96 /* Release */ = {
			isa = XCBuildConfiguration;
			baseConfigurationReference = 2BE19E1D1B36C73DD9A3BEDD /* Pods-ParstagramTests.release.xcconfig */;
			buildSettings = {
				ALWAYS_EMBED_SWIFT_STANDARD_LIBRARIES = YES;
				BUNDLE_LOADER = "$(TEST_HOST)";
				CODE_SIGN_STYLE = Automatic;
				DEVELOPMENT_TEAM = 75899C5Y84;
				INFOPLIST_FILE = ParstagramTests/Info.plist;
				IPHONEOS_DEPLOYMENT_TARGET = 14.0;
				LD_RUNPATH_SEARCH_PATHS = (
					"$(inherited)",
					"@executable_path/Frameworks",
					"@loader_path/Frameworks",
				);
				PRODUCT_BUNDLE_IDENTIFIER = "Hemant-Thobbi.ParstagramTests";
				PRODUCT_NAME = "$(TARGET_NAME)";
				SWIFT_VERSION = 5.0;
				TARGETED_DEVICE_FAMILY = "1,2";
				TEST_HOST = "$(BUILT_PRODUCTS_DIR)/Parstagram.app/Parstagram";
			};
			name = Release;
		};
		93AEBE272526D81A004B0A96 /* Debug */ = {
			isa = XCBuildConfiguration;
			baseConfigurationReference = 2B1C546FD019436A0D27DEDC /* Pods-Parstagram-ParstagramUITests.debug.xcconfig */;
			buildSettings = {
				ALWAYS_EMBED_SWIFT_STANDARD_LIBRARIES = YES;
				CODE_SIGN_STYLE = Automatic;
				DEVELOPMENT_TEAM = 75899C5Y84;
				INFOPLIST_FILE = ParstagramUITests/Info.plist;
				LD_RUNPATH_SEARCH_PATHS = (
					"$(inherited)",
					"@executable_path/Frameworks",
					"@loader_path/Frameworks",
				);
				PRODUCT_BUNDLE_IDENTIFIER = "Hemant-Thobbi.ParstagramUITests";
				PRODUCT_NAME = "$(TARGET_NAME)";
				SWIFT_VERSION = 5.0;
				TARGETED_DEVICE_FAMILY = "1,2";
				TEST_TARGET_NAME = Parstagram;
			};
			name = Debug;
		};
		93AEBE282526D81A004B0A96 /* Release */ = {
			isa = XCBuildConfiguration;
			baseConfigurationReference = 5EBD82ED1BE8CD25A6B8EFCD /* Pods-Parstagram-ParstagramUITests.release.xcconfig */;
			buildSettings = {
				ALWAYS_EMBED_SWIFT_STANDARD_LIBRARIES = YES;
				CODE_SIGN_STYLE = Automatic;
				DEVELOPMENT_TEAM = 75899C5Y84;
				INFOPLIST_FILE = ParstagramUITests/Info.plist;
				LD_RUNPATH_SEARCH_PATHS = (
					"$(inherited)",
					"@executable_path/Frameworks",
					"@loader_path/Frameworks",
				);
				PRODUCT_BUNDLE_IDENTIFIER = "Hemant-Thobbi.ParstagramUITests";
				PRODUCT_NAME = "$(TARGET_NAME)";
				SWIFT_VERSION = 5.0;
				TARGETED_DEVICE_FAMILY = "1,2";
				TEST_TARGET_NAME = Parstagram;
			};
			name = Release;
		};
/* End XCBuildConfiguration section */

/* Begin XCConfigurationList section */
		93AEBDF12526D819004B0A96 /* Build configuration list for PBXProject "Parstagram" */ = {
			isa = XCConfigurationList;
			buildConfigurations = (
				93AEBE1E2526D81A004B0A96 /* Debug */,
				93AEBE1F2526D81A004B0A96 /* Release */,
			);
			defaultConfigurationIsVisible = 0;
			defaultConfigurationName = Release;
		};
		93AEBE202526D81A004B0A96 /* Build configuration list for PBXNativeTarget "Parstagram" */ = {
			isa = XCConfigurationList;
			buildConfigurations = (
				93AEBE212526D81A004B0A96 /* Debug */,
				93AEBE222526D81A004B0A96 /* Release */,
			);
			defaultConfigurationIsVisible = 0;
			defaultConfigurationName = Release;
		};
		93AEBE232526D81A004B0A96 /* Build configuration list for PBXNativeTarget "ParstagramTests" */ = {
			isa = XCConfigurationList;
			buildConfigurations = (
				93AEBE242526D81A004B0A96 /* Debug */,
				93AEBE252526D81A004B0A96 /* Release */,
			);
			defaultConfigurationIsVisible = 0;
			defaultConfigurationName = Release;
		};
		93AEBE262526D81A004B0A96 /* Build configuration list for PBXNativeTarget "ParstagramUITests" */ = {
			isa = XCConfigurationList;
			buildConfigurations = (
				93AEBE272526D81A004B0A96 /* Debug */,
				93AEBE282526D81A004B0A96 /* Release */,
			);
			defaultConfigurationIsVisible = 0;
			defaultConfigurationName = Release;
		};
/* End XCConfigurationList section */
	};
	rootObject = 93AEBDEE2526D819004B0A96 /* Project object */;
}
